
Microsoft Visual Studio Solution File, Format Version 11.00
# Visual Studio 2010
Project("{FAE04EC0-301F-11D3-BF4B-00C04F79EFBC}") = "Clase_12_Library", "Clase_12_Library\Clase_12_Library.csproj", "{696ECE38-F6AF-4565-804F-AE9B86A09AF7}"
EndProject
Project("{FAE04EC0-301F-11D3-BF4B-00C04F79EFBC}") = "Clase_12", "Clase_12\Clase_12.csproj", "{ED4D032A-A5D1-43CC-BC8E-C56154B90AD8}"
EndProject
Global
	GlobalSection(SolutionConfigurationPlatforms) = preSolution
		Debug|Any CPU = Debug|Any CPU
		Debug|Mixed Platforms = Debug|Mixed Platforms
		Debug|x86 = Debug|x86
		Release|Any CPU = Release|Any CPU
		Release|Mixed Platforms = Release|Mixed Platforms
		Release|x86 = Release|x86
	EndGlobalSection
	GlobalSection(ProjectConfigurationPlatforms) = postSolution
		{696ECE38-F6AF-4565-804F-AE9B86A09AF7}.Debug|Any CPU.ActiveCfg = Debug|Any CPU
		{696ECE38-F6AF-4565-804F-AE9B86A09AF7}.Debug|Any CPU.Build.0 = Debug|Any CPU
		{696ECE38-F6AF-4565-804F-AE9B86A09AF7}.Debug|Mixed Platforms.ActiveCfg = Debug|Any CPU
		{696ECE38-F6AF-4565-804F-AE9B86A09AF7}.Debug|Mixed Platforms.Build.0 = Debug|Any CPU
		{696ECE38-F6AF-4565-804F-AE9B86A09AF7}.Debug|x86.ActiveCfg = Debug|Any CPU
		{696ECE38-F6AF-4565-804F-AE9B86A09AF7}.Release|Any CPU.ActiveCfg = Release|Any CPU
		{696ECE38-F6AF-4565-804F-AE9B86A09AF7}.Release|Any CPU.Build.0 = Release|Any CPU
		{696ECE38-F6AF-4565-804F-AE9B86A09AF7}.Release|Mixed Platforms.ActiveCfg = Release|Any CPU
		{696ECE38-F6AF-4565-804F-AE9B86A09AF7}.Release|Mixed Platforms.Build.0 = Release|Any CPU
		{696ECE38-F6AF-4565-804F-AE9B86A09AF7}.Release|x86.ActiveCfg = Release|Any CPU
		{ED4D032A-A5D1-43CC-BC8E-C56154B90AD8}.Debug|Any CPU.ActiveCfg = Debug|x86
		{ED4D032A-A5D1-43CC-BC8E-C56154B90AD8}.Debug|Mixed Platforms.ActiveCfg = Debug|x86
		{ED4D032A-A5D1-43CC-BC8E-C56154B90AD8}.Debug|Mixed Platforms.Build.0 = Debug|x86
		{ED4D032A-A5D1-43CC-BC8E-C56154B90AD8}.Debug|x86.ActiveCfg = Debug|x86
		{ED4D032A-A5D1-43CC-BC8E-C56154B90AD8}.Debug|x86.Build.0 = Debug|x86
		{ED4D032A-A5D1-43CC-BC8E-C56154B90AD8}.Release|Any CPU.ActiveCfg = Release|x86
		{ED4D032A-A5D1-43CC-BC8E-C56154B90AD8}.Release|Mixed Platforms.ActiveCfg = Release|x86
		{ED4D032A-A5D1-43CC-BC8E-C56154B90AD8}.Release|Mixed Platforms.Build.0 = Release|x86
		{ED4D032A-A5D1-43CC-BC8E-C56154B90AD8}.Release|x86.ActiveCfg = Release|x86
		{ED4D032A-A5D1-43CC-BC8E-C56154B90AD8}.Release|x86.Build.0 = Release|x86
	EndGlobalSection
	GlobalSection(SolutionProperties) = preSolution
		HideSolutionNode = FALSE
	EndGlobalSection
EndGlobal
